
Microsoft Visual Studio Solution File, Format Version 12.00
# Visual Studio Version 16
VisualStudioVersion = 16.0.32126.315
MinimumVisualStudioVersion = 10.0.40219.1
Project("{9A19103F-16F7-4668-BE54-9A1E7A4F7556}") = "ListaComaprecimento", "AtividadeAval01\ListaComaprecimento.csproj", "{EFA31D41-6523-472A-9C7A-81245DB9356C}"
EndProject
Global
	GlobalSection(SolutionConfigurationPlatforms) = preSolution
		Debug|Any CPU = Debug|Any CPU
		Release|Any CPU = Release|Any CPU
	EndGlobalSection
	GlobalSection(ProjectConfigurationPlatforms) = postSolution
		{EFA31D41-6523-472A-9C7A-81245DB9356C}.Debug|Any CPU.ActiveCfg = Debug|Any CPU
		{EFA31D41-6523-472A-9C7A-81245DB9356C}.Debug|Any CPU.Build.0 = Debug|Any CPU
		{EFA31D41-6523-472A-9C7A-81245DB9356C}.Release|Any CPU.ActiveCfg = Release|Any CPU
		{EFA31D41-6523-472A-9C7A-81245DB9356C}.Release|Any CPU.Build.0 = Release|Any CPU
	EndGlobalSection
	GlobalSection(SolutionProperties) = preSolution
		HideSolutionNode = FALSE
	EndGlobalSection
	GlobalSection(ExtensibilityGlobals) = postSolution
		SolutionGuid = {DA64EAAA-7FB0-42CA-9480-5C3678493906}
	EndGlobalSection
EndGlobal
